# THIS IS AN AUTOGENERATED FILE. DO NOT EDIT THIS FILE DIRECTLY.
# yarn lockfile v1


bourbon@^7.3.0:
  version "7.3.0"
  resolved "https://registry.yarnpkg.com/bourbon/-/bourbon-7.3.0.tgz#0b7b7dc74064c7ea4c534830dd2b54bef992e919"
  integrity sha512-u9ZUqmaX7K7nkarKODlFT4/XYfWafLRoadlv2Lye8hytrIA4Urg/50rav1eFdbdbO6o9GnK9a6qf7zwq808atA==
